
Microsoft Visual Studio Solution File, Format Version 12.00
# Visual Studio 15
Project("{FAE04EC0-301F-11D3-BF4B-00C04F79EFBC}") = "QMLphotoshopForm", "QMLphotoshopForm.csproj", "{DB814D0C-2367-47C2-A51F-374DCF354451}"
EndProject
Global
	GlobalSection(SolutionConfigurationPlatforms) = preSolution
		Debug|Any CPU = Debug|Any CPU
		Release|Any CPU = Release|Any CPU
	EndGlobalSection
	GlobalSection(ProjectConfigurationPlatforms) = postSolution
		{DB814D0C-2367-47C2-A51F-374DCF354451}.Debug|Any CPU.ActiveCfg = Debug|Any CPU
		{DB814D0C-2367-47C2-A51F-374DCF354451}.Debug|Any CPU.Build.0 = Debug|Any CPU
		{DB814D0C-2367-47C2-A51F-374DCF354451}.Release|Any CPU.ActiveCfg = Release|Any CPU
		{DB814D0C-2367-47C2-A51F-374DCF354451}.Release|Any CPU.Build.0 = Release|Any CPU
	EndGlobalSection
EndGlobal
