
Microsoft Visual Studio Solution File, Format Version 12.00
# Visual Studio Version 16
VisualStudioVersion = 16.0.29230.61
MinimumVisualStudioVersion = 10.0.40219.1
Project("{9A19103F-16F7-4668-BE54-9A1E7A4F7556}") = "basicAvaloniaForm", "basicAvaloniaForm.csproj", "{D1EF1358-7DC8-4FE5-89F7-C3530B0994F8}"
EndProject
Global
	GlobalSection(SolutionConfigurationPlatforms) = preSolution
		Debug|Any CPU = Debug|Any CPU
		Release|Any CPU = Release|Any CPU
	EndGlobalSection
	GlobalSection(ProjectConfigurationPlatforms) = postSolution
		{D1EF1358-7DC8-4FE5-89F7-C3530B0994F8}.Debug|Any CPU.ActiveCfg = Debug|Any CPU
		{D1EF1358-7DC8-4FE5-89F7-C3530B0994F8}.Debug|Any CPU.Build.0 = Debug|Any CPU
		{D1EF1358-7DC8-4FE5-89F7-C3530B0994F8}.Release|Any CPU.ActiveCfg = Release|Any CPU
		{D1EF1358-7DC8-4FE5-89F7-C3530B0994F8}.Release|Any CPU.Build.0 = Release|Any CPU
	EndGlobalSection
	GlobalSection(SolutionProperties) = preSolution
		HideSolutionNode = FALSE
	EndGlobalSection
	GlobalSection(ExtensibilityGlobals) = postSolution
		SolutionGuid = {839B5DD4-E1AA-4954-A16A-7DAC13DAD0AF}
	EndGlobalSection
EndGlobal
