
Microsoft Visual Studio Solution File, Format Version 12.00
# Visual Studio Version 16
VisualStudioVersion = 16.0.28822.285
MinimumVisualStudioVersion = 10.0.40219.1
Project("{9A19103F-16F7-4668-BE54-9A1E7A4F7556}") = "qmlSimpleForm", "qmlSimpleForm.csproj", "{2109B1F1-923B-418E-8E9E-5A032684268B}"
EndProject
Global
	GlobalSection(SolutionConfigurationPlatforms) = preSolution
		Debug|Any CPU = Debug|Any CPU
		Release|Any CPU = Release|Any CPU
	EndGlobalSection
	GlobalSection(ProjectConfigurationPlatforms) = postSolution
		{2109B1F1-923B-418E-8E9E-5A032684268B}.Debug|Any CPU.ActiveCfg = Debug|Any CPU
		{2109B1F1-923B-418E-8E9E-5A032684268B}.Debug|Any CPU.Build.0 = Debug|Any CPU
		{2109B1F1-923B-418E-8E9E-5A032684268B}.Release|Any CPU.ActiveCfg = Release|Any CPU
		{2109B1F1-923B-418E-8E9E-5A032684268B}.Release|Any CPU.Build.0 = Release|Any CPU
	EndGlobalSection
	GlobalSection(SolutionProperties) = preSolution
		HideSolutionNode = FALSE
	EndGlobalSection
	GlobalSection(ExtensibilityGlobals) = postSolution
		SolutionGuid = {A7DD1D31-424B-405F-97B4-9A3CA9C805BB}
	EndGlobalSection
EndGlobal
