
Microsoft Visual Studio Solution File, Format Version 12.00
# Visual Studio 15
Project("{FAE04EC0-301F-11D3-BF4B-00C04F79EFBC}") = "sampleGtkApp", "sampleGtkApp.csproj", "{453656DD-EA08-424B-A20D-D78BC068E139}"
EndProject
Global
	GlobalSection(SolutionConfigurationPlatforms) = preSolution
		Debug|Any CPU = Debug|Any CPU
		Release|Any CPU = Release|Any CPU
	EndGlobalSection
	GlobalSection(ProjectConfigurationPlatforms) = postSolution
		{453656DD-EA08-424B-A20D-D78BC068E139}.Debug|Any CPU.ActiveCfg = Debug|Any CPU
		{453656DD-EA08-424B-A20D-D78BC068E139}.Debug|Any CPU.Build.0 = Debug|Any CPU
		{453656DD-EA08-424B-A20D-D78BC068E139}.Release|Any CPU.ActiveCfg = Release|Any CPU
		{453656DD-EA08-424B-A20D-D78BC068E139}.Release|Any CPU.Build.0 = Release|Any CPU
	EndGlobalSection
EndGlobal
